// !$*UTF8*$!
{
	archiveVersion = 1;
	classes = {
	};
	objectVersion = 46;
	objects = {

/* Begin PBXBuildFile section */
		8969176E1CD659DC00084EA7 /* CardListViewController.swift in Sources */ = {isa = PBXBuildFile; fileRef = 8969176D1CD659DC00084EA7 /* CardListViewController.swift */; };
		896917721CD65BE500084EA7 /* CardListViewController.storyboard in Resources */ = {isa = PBXBuildFile; fileRef = 896917711CD65BE500084EA7 /* CardListViewController.storyboard */; };
		896917741CD6612B00084EA7 /* Card.swift in Sources */ = {isa = PBXBuildFile; fileRef = 896917731CD6612B00084EA7 /* Card.swift */; };
		896917771CD7A8CD00084EA7 /* Icon.xcassets in Resources */ = {isa = PBXBuildFile; fileRef = 896917761CD7A8CD00084EA7 /* Icon.xcassets */; };
		896917791CD85D6E00084EA7 /* CardDetailViewController.swift in Sources */ = {isa = PBXBuildFile; fileRef = 896917781CD85D6E00084EA7 /* CardDetailViewController.swift */; };
		8969177B1CD85D7B00084EA7 /* CardDetailViewController.storyboard in Resources */ = {isa = PBXBuildFile; fileRef = 8969177A1CD85D7B00084EA7 /* CardDetailViewController.storyboard */; };
		8969177E1CD8604B00084EA7 /* CardCollectionViewCell.swift in Sources */ = {isa = PBXBuildFile; fileRef = 8969177D1CD8604B00084EA7 /* CardCollectionViewCell.swift */; };
		89986C0F1CDF89CE008C000F /* URLConst.swift in Sources */ = {isa = PBXBuildFile; fileRef = 89986C0E1CDF89CE008C000F /* URLConst.swift */; };
		89A0FCE11CD5F3FB00BB573F /* Expantion.swift in Sources */ = {isa = PBXBuildFile; fileRef = 89A0FCE01CD5F3FB00BB573F /* Expantion.swift */; };
		89AAE8221CD510E600F7AD81 /* APIManager.swift in Sources */ = {isa = PBXBuildFile; fileRef = 89AAE8211CD510E600F7AD81 /* APIManager.swift */; };
		89BA31451CE0D2EC005CACC0 /* FilterViewController.swift in Sources */ = {isa = PBXBuildFile; fileRef = 89BA31441CE0D2EC005CACC0 /* FilterViewController.swift */; };
		89BA31471CE0D2FC005CACC0 /* FilterViewController.storyboard in Resources */ = {isa = PBXBuildFile; fileRef = 89BA31461CE0D2FC005CACC0 /* FilterViewController.storyboard */; };
		89BA314A1CE22A13005CACC0 /* GCWUtils.swift in Sources */ = {isa = PBXBuildFile; fileRef = 89BA31491CE22A13005CACC0 /* GCWUtils.swift */; };
		89E19F191CE7871A00D70C9C /* TestPlayViewController.xib in Resources */ = {isa = PBXBuildFile; fileRef = 89E19F181CE7871A00D70C9C /* TestPlayViewController.xib */; };
		89E19F1C1CEB559900D70C9C /* UnitFieldView.swift in Sources */ = {isa = PBXBuildFile; fileRef = 89E19F1B1CEB559900D70C9C /* UnitFieldView.swift */; };
		89E19F1E1CEB60E000D70C9C /* CardView.swift in Sources */ = {isa = PBXBuildFile; fileRef = 89E19F1D1CEB60E000D70C9C /* CardView.swift */; };
		89E19F201CEB60EA00D70C9C /* CardView.xib in Resources */ = {isa = PBXBuildFile; fileRef = 89E19F1F1CEB60EA00D70C9C /* CardView.xib */; };
		89E19F221CEB62BF00D70C9C /* DeckView.swift in Sources */ = {isa = PBXBuildFile; fileRef = 89E19F211CEB62BF00D70C9C /* DeckView.swift */; };
		89E19F241CEB6BCB00D70C9C /* Deck.swift in Sources */ = {isa = PBXBuildFile; fileRef = 89E19F231CEB6BCB00D70C9C /* Deck.swift */; };
		89E19F261CEB6F6600D70C9C /* DeckViewController.swift in Sources */ = {isa = PBXBuildFile; fileRef = 89E19F251CEB6F6600D70C9C /* DeckViewController.swift */; };
		89E19F281CEB6F7200D70C9C /* DeckViewController.storyboard in Resources */ = {isa = PBXBuildFile; fileRef = 89E19F271CEB6F7200D70C9C /* DeckViewController.storyboard */; };
		89E301171CD25BAB0052AB63 /* AppDelegate.swift in Sources */ = {isa = PBXBuildFile; fileRef = 89E301161CD25BAB0052AB63 /* AppDelegate.swift */; };
		89E301191CD25BAB0052AB63 /* ExpantionMenuViewController.swift in Sources */ = {isa = PBXBuildFile; fileRef = 89E301181CD25BAB0052AB63 /* ExpantionMenuViewController.swift */; };
		89E3011B1CD25BAB0052AB63 /* DeckMenuViewController.swift in Sources */ = {isa = PBXBuildFile; fileRef = 89E3011A1CD25BAB0052AB63 /* DeckMenuViewController.swift */; };
		89E3011E1CD25BAB0052AB63 /* Main.storyboard in Resources */ = {isa = PBXBuildFile; fileRef = 89E3011C1CD25BAB0052AB63 /* Main.storyboard */; };
		89E301201CD25BAB0052AB63 /* Assets.xcassets in Resources */ = {isa = PBXBuildFile; fileRef = 89E3011F1CD25BAB0052AB63 /* Assets.xcassets */; };
		89E301231CD25BAB0052AB63 /* LaunchScreen.storyboard in Resources */ = {isa = PBXBuildFile; fileRef = 89E301211CD25BAB0052AB63 /* LaunchScreen.storyboard */; };
		89E3012E1CD25BAB0052AB63 /* GCWCardListTests.swift in Sources */ = {isa = PBXBuildFile; fileRef = 89E3012D1CD25BAB0052AB63 /* GCWCardListTests.swift */; };
		89E301391CD25BAC0052AB63 /* GCWCardListUITests.swift in Sources */ = {isa = PBXBuildFile; fileRef = 89E301381CD25BAC0052AB63 /* GCWCardListUITests.swift */; };
		89E3014A1CD263DC0052AB63 /* MainTabController.swift in Sources */ = {isa = PBXBuildFile; fileRef = 89E301491CD263DC0052AB63 /* MainTabController.swift */; };
		89E3014C1CD4E8770052AB63 /* ExpantionMenuViewController.storyboard in Resources */ = {isa = PBXBuildFile; fileRef = 89E3014B1CD4E8770052AB63 /* ExpantionMenuViewController.storyboard */; };
		89E3014E1CD4E8B40052AB63 /* DeckMenuViewController.storyboard in Resources */ = {isa = PBXBuildFile; fileRef = 89E3014D1CD4E8B40052AB63 /* DeckMenuViewController.storyboard */; };
		89F5AD1F1CE768C00091E398 /* TestPlayViewController.swift in Sources */ = {isa = PBXBuildFile; fileRef = 89F5AD1E1CE768C00091E398 /* TestPlayViewController.swift */; };
		8ED1D66F0BAA25EFF29A2787 /* Pods_GCWCardList.framework in Frameworks */ = {isa = PBXBuildFile; fileRef = 7FC5C0DAF5AE505CA31A1851 /* Pods_GCWCardList.framework */; };
		BEF5DCBE2B0ECABB298EB7D2 /* Pods_GCWCardListTests.framework in Frameworks */ = {isa = PBXBuildFile; fileRef = 28B880CD2045BED1FE9A3051 /* Pods_GCWCardListTests.framework */; };
		FBE592514BDBDE3876EB4E8F /* Pods_GCWCardListUITests.framework in Frameworks */ = {isa = PBXBuildFile; fileRef = 1224951D9B8120C7BE1BF9A2 /* Pods_GCWCardListUITests.framework */; };
/* End PBXBuildFile section */

/* Begin PBXContainerItemProxy section */
		89E3012A1CD25BAB0052AB63 /* PBXContainerItemProxy */ = {
			isa = PBXContainerItemProxy;
			containerPortal = 89E3010B1CD25BAB0052AB63 /* Project object */;
			proxyType = 1;
			remoteGlobalIDString = 89E301121CD25BAB0052AB63;
			remoteInfo = GCWCardList;
		};
		89E301351CD25BAC0052AB63 /* PBXContainerItemProxy */ = {
			isa = PBXContainerItemProxy;
			containerPortal = 89E3010B1CD25BAB0052AB63 /* Project object */;
			proxyType = 1;
			remoteGlobalIDString = 89E301121CD25BAB0052AB63;
			remoteInfo = GCWCardList;
		};
/* End PBXContainerItemProxy section */

/* Begin PBXFileReference section */
		1224951D9B8120C7BE1BF9A2 /* Pods_GCWCardListUITests.framework */ = {isa = PBXFileReference; explicitFileType = wrapper.framework; includeInIndex = 0; path = Pods_GCWCardListUITests.framework; sourceTree = BUILT_PRODUCTS_DIR; };
		28B880CD2045BED1FE9A3051 /* Pods_GCWCardListTests.framework */ = {isa = PBXFileReference; explicitFileType = wrapper.framework; includeInIndex = 0; path = Pods_GCWCardListTests.framework; sourceTree = BUILT_PRODUCTS_DIR; };
		7FC5C0DAF5AE505CA31A1851 /* Pods_GCWCardList.framework */ = {isa = PBXFileReference; explicitFileType = wrapper.framework; includeInIndex = 0; path = Pods_GCWCardList.framework; sourceTree = BUILT_PRODUCTS_DIR; };
		8969176D1CD659DC00084EA7 /* CardListViewController.swift */ = {isa = PBXFileReference; fileEncoding = 4; lastKnownFileType = sourcecode.swift; path = CardListViewController.swift; sourceTree = "<group>"; };
		896917711CD65BE500084EA7 /* CardListViewController.storyboard */ = {isa = PBXFileReference; fileEncoding = 4; lastKnownFileType = file.storyboard; path = CardListViewController.storyboard; sourceTree = "<group>"; };
		896917731CD6612B00084EA7 /* Card.swift */ = {isa = PBXFileReference; fileEncoding = 4; lastKnownFileType = sourcecode.swift; path = Card.swift; sourceTree = "<group>"; };
		896917761CD7A8CD00084EA7 /* Icon.xcassets */ = {isa = PBXFileReference; lastKnownFileType = folder.assetcatalog; path = Icon.xcassets; sourceTree = "<group>"; };
		896917781CD85D6E00084EA7 /* CardDetailViewController.swift */ = {isa = PBXFileReference; fileEncoding = 4; lastKnownFileType = sourcecode.swift; path = CardDetailViewController.swift; sourceTree = "<group>"; };
		8969177A1CD85D7B00084EA7 /* CardDetailViewController.storyboard */ = {isa = PBXFileReference; fileEncoding = 4; lastKnownFileType = file.storyboard; path = CardDetailViewController.storyboard; sourceTree = "<group>"; };
		8969177D1CD8604B00084EA7 /* CardCollectionViewCell.swift */ = {isa = PBXFileReference; fileEncoding = 4; lastKnownFileType = sourcecode.swift; path = CardCollectionViewCell.swift; sourceTree = "<group>"; };
		89986C0E1CDF89CE008C000F /* URLConst.swift */ = {isa = PBXFileReference; fileEncoding = 4; lastKnownFileType = sourcecode.swift; path = URLConst.swift; sourceTree = "<group>"; };
		89A0FCE01CD5F3FB00BB573F /* Expantion.swift */ = {isa = PBXFileReference; fileEncoding = 4; lastKnownFileType = sourcecode.swift; path = Expantion.swift; sourceTree = "<group>"; };
		89AAE8211CD510E600F7AD81 /* APIManager.swift */ = {isa = PBXFileReference; fileEncoding = 4; lastKnownFileType = sourcecode.swift; path = APIManager.swift; sourceTree = "<group>"; };
		89BA31441CE0D2EC005CACC0 /* FilterViewController.swift */ = {isa = PBXFileReference; fileEncoding = 4; lastKnownFileType = sourcecode.swift; path = FilterViewController.swift; sourceTree = "<group>"; };
		89BA31461CE0D2FC005CACC0 /* FilterViewController.storyboard */ = {isa = PBXFileReference; fileEncoding = 4; lastKnownFileType = file.storyboard; path = FilterViewController.storyboard; sourceTree = "<group>"; };
		89BA31491CE22A13005CACC0 /* GCWUtils.swift */ = {isa = PBXFileReference; fileEncoding = 4; lastKnownFileType = sourcecode.swift; path = GCWUtils.swift; sourceTree = "<group>"; };
		89E19F181CE7871A00D70C9C /* TestPlayViewController.xib */ = {isa = PBXFileReference; fileEncoding = 4; lastKnownFileType = file.xib; path = TestPlayViewController.xib; sourceTree = "<group>"; };
		89E19F1B1CEB559900D70C9C /* UnitFieldView.swift */ = {isa = PBXFileReference; fileEncoding = 4; lastKnownFileType = sourcecode.swift; path = UnitFieldView.swift; sourceTree = "<group>"; };
		89E19F1D1CEB60E000D70C9C /* CardView.swift */ = {isa = PBXFileReference; fileEncoding = 4; lastKnownFileType = sourcecode.swift; path = CardView.swift; sourceTree = "<group>"; };
		89E19F1F1CEB60EA00D70C9C /* CardView.xib */ = {isa = PBXFileReference; fileEncoding = 4; lastKnownFileType = file.xib; path = CardView.xib; sourceTree = "<group>"; };
		89E19F211CEB62BF00D70C9C /* DeckView.swift */ = {isa = PBXFileReference; fileEncoding = 4; lastKnownFileType = sourcecode.swift; path = DeckView.swift; sourceTree = "<group>"; };
		89E19F231CEB6BCB00D70C9C /* Deck.swift */ = {isa = PBXFileReference; fileEncoding = 4; lastKnownFileType = sourcecode.swift; path = Deck.swift; sourceTree = "<group>"; };
		89E19F251CEB6F6600D70C9C /* DeckViewController.swift */ = {isa = PBXFileReference; fileEncoding = 4; lastKnownFileType = sourcecode.swift; path = DeckViewController.swift; sourceTree = "<group>"; };
		89E19F271CEB6F7200D70C9C /* DeckViewController.storyboard */ = {isa = PBXFileReference; fileEncoding = 4; lastKnownFileType = file.storyboard; path = DeckViewController.storyboard; sourceTree = "<group>"; };
		89E301131CD25BAB0052AB63 /* GCWCardList.app */ = {isa = PBXFileReference; explicitFileType = wrapper.application; includeInIndex = 0; path = GCWCardList.app; sourceTree = BUILT_PRODUCTS_DIR; };
		89E301161CD25BAB0052AB63 /* AppDelegate.swift */ = {isa = PBXFileReference; lastKnownFileType = sourcecode.swift; path = AppDelegate.swift; sourceTree = "<group>"; };
		89E301181CD25BAB0052AB63 /* ExpantionMenuViewController.swift */ = {isa = PBXFileReference; lastKnownFileType = sourcecode.swift; name = ExpantionMenuViewController.swift; path = ../../ExpantionMenuViewController.swift; sourceTree = "<group>"; };
		89E3011A1CD25BAB0052AB63 /* DeckMenuViewController.swift */ = {isa = PBXFileReference; lastKnownFileType = sourcecode.swift; name = DeckMenuViewController.swift; path = ../../DeckMenuViewController.swift; sourceTree = "<group>"; };
		89E3011D1CD25BAB0052AB63 /* Base */ = {isa = PBXFileReference; lastKnownFileType = file.storyboard; name = Base; path = Base.lproj/Main.storyboard; sourceTree = "<group>"; };
		89E3011F1CD25BAB0052AB63 /* Assets.xcassets */ = {isa = PBXFileReference; lastKnownFileType = folder.assetcatalog; path = Assets.xcassets; sourceTree = "<group>"; };
		89E301221CD25BAB0052AB63 /* Base */ = {isa = PBXFileReference; lastKnownFileType = file.storyboard; name = Base; path = Base.lproj/LaunchScreen.storyboard; sourceTree = "<group>"; };
		89E301241CD25BAB0052AB63 /* Info.plist */ = {isa = PBXFileReference; lastKnownFileType = text.plist.xml; path = Info.plist; sourceTree = "<group>"; };
		89E301291CD25BAB0052AB63 /* GCWCardListTests.xctest */ = {isa = PBXFileReference; explicitFileType = wrapper.cfbundle; includeInIndex = 0; path = GCWCardListTests.xctest; sourceTree = BUILT_PRODUCTS_DIR; };
		89E3012D1CD25BAB0052AB63 /* GCWCardListTests.swift */ = {isa = PBXFileReference; lastKnownFileType = sourcecode.swift; path = GCWCardListTests.swift; sourceTree = "<group>"; };
		89E3012F1CD25BAC0052AB63 /* Info.plist */ = {isa = PBXFileReference; lastKnownFileType = text.plist.xml; path = Info.plist; sourceTree = "<group>"; };
		89E301341CD25BAC0052AB63 /* GCWCardListUITests.xctest */ = {isa = PBXFileReference; explicitFileType = wrapper.cfbundle; includeInIndex = 0; path = GCWCardListUITests.xctest; sourceTree = BUILT_PRODUCTS_DIR; };
		89E301381CD25BAC0052AB63 /* GCWCardListUITests.swift */ = {isa = PBXFileReference; lastKnownFileType = sourcecode.swift; path = GCWCardListUITests.swift; sourceTree = "<group>"; };
		89E3013A1CD25BAC0052AB63 /* Info.plist */ = {isa = PBXFileReference; lastKnownFileType = text.plist.xml; path = Info.plist; sourceTree = "<group>"; };
		89E301491CD263DC0052AB63 /* MainTabController.swift */ = {isa = PBXFileReference; fileEncoding = 4; lastKnownFileType = sourcecode.swift; path = MainTabController.swift; sourceTree = "<group>"; };
		89E3014B1CD4E8770052AB63 /* ExpantionMenuViewController.storyboard */ = {isa = PBXFileReference; fileEncoding = 4; lastKnownFileType = file.storyboard; path = ExpantionMenuViewController.storyboard; sourceTree = "<group>"; };
		89E3014D1CD4E8B40052AB63 /* DeckMenuViewController.storyboard */ = {isa = PBXFileReference; fileEncoding = 4; lastKnownFileType = file.storyboard; path = DeckMenuViewController.storyboard; sourceTree = "<group>"; };
		89F5AD1E1CE768C00091E398 /* TestPlayViewController.swift */ = {isa = PBXFileReference; fileEncoding = 4; lastKnownFileType = sourcecode.swift; path = TestPlayViewController.swift; sourceTree = "<group>"; };
		89F9BFBF1CE4DAA90054E45E /* GCWCardList-Bridging-Header.h */ = {isa = PBXFileReference; lastKnownFileType = sourcecode.c.h; path = "GCWCardList-Bridging-Header.h"; sourceTree = "<group>"; };
		B4A1EFC1CF419FCFD507FC72 /* Pods.framework */ = {isa = PBXFileReference; explicitFileType = wrapper.framework; includeInIndex = 0; path = Pods.framework; sourceTree = BUILT_PRODUCTS_DIR; };
		C4630AE88541891B88A5F265 /* Pods-GCWCardList.debug.xcconfig */ = {isa = PBXFileReference; includeInIndex = 1; lastKnownFileType = text.xcconfig; name = "Pods-GCWCardList.debug.xcconfig"; path = "Pods/Target Support Files/Pods-GCWCardList/Pods-GCWCardList.debug.xcconfig"; sourceTree = "<group>"; };
		C6D00E4070A7E8F1C7388929 /* Pods-GCWCardList.release.xcconfig */ = {isa = PBXFileReference; includeInIndex = 1; lastKnownFileType = text.xcconfig; name = "Pods-GCWCardList.release.xcconfig"; path = "Pods/Target Support Files/Pods-GCWCardList/Pods-GCWCardList.release.xcconfig"; sourceTree = "<group>"; };
		D1B60F01E514BABD6344FD14 /* Pods-GCWCardListTests.release.xcconfig */ = {isa = PBXFileReference; includeInIndex = 1; lastKnownFileType = text.xcconfig; name = "Pods-GCWCardListTests.release.xcconfig"; path = "Pods/Target Support Files/Pods-GCWCardListTests/Pods-GCWCardListTests.release.xcconfig"; sourceTree = "<group>"; };
		DF0FEF769E0874E91A7DC89F /* Pods-GCWCardListTests.debug.xcconfig */ = {isa = PBXFileReference; includeInIndex = 1; lastKnownFileType = text.xcconfig; name = "Pods-GCWCardListTests.debug.xcconfig"; path = "Pods/Target Support Files/Pods-GCWCardListTests/Pods-GCWCardListTests.debug.xcconfig"; sourceTree = "<group>"; };
		EF39400836EB9E656C85A669 /* Pods-GCWCardListUITests.debug.xcconfig */ = {isa = PBXFileReference; includeInIndex = 1; lastKnownFileType = text.xcconfig; name = "Pods-GCWCardListUITests.debug.xcconfig"; path = "Pods/Target Support Files/Pods-GCWCardListUITests/Pods-GCWCardListUITests.debug.xcconfig"; sourceTree = "<group>"; };
		FCFC1495002B261B402ED906 /* Pods-GCWCardListUITests.release.xcconfig */ = {isa = PBXFileReference; includeInIndex = 1; lastKnownFileType = text.xcconfig; name = "Pods-GCWCardListUITests.release.xcconfig"; path = "Pods/Target Support Files/Pods-GCWCardListUITests/Pods-GCWCardListUITests.release.xcconfig"; sourceTree = "<group>"; };
/* End PBXFileReference section */

/* Begin PBXFrameworksBuildPhase section */
		89E301101CD25BAB0052AB63 /* Frameworks */ = {
			isa = PBXFrameworksBuildPhase;
			buildActionMask = 2147483647;
			files = (
				8ED1D66F0BAA25EFF29A2787 /* Pods_GCWCardList.framework in Frameworks */,
			);
			runOnlyForDeploymentPostprocessing = 0;
		};
		89E301261CD25BAB0052AB63 /* Frameworks */ = {
			isa = PBXFrameworksBuildPhase;
			buildActionMask = 2147483647;
			files = (
				BEF5DCBE2B0ECABB298EB7D2 /* Pods_GCWCardListTests.framework in Frameworks */,
			);
			runOnlyForDeploymentPostprocessing = 0;
		};
		89E301311CD25BAC0052AB63 /* Frameworks */ = {
			isa = PBXFrameworksBuildPhase;
			buildActionMask = 2147483647;
			files = (
				FBE592514BDBDE3876EB4E8F /* Pods_GCWCardListUITests.framework in Frameworks */,
			);
			runOnlyForDeploymentPostprocessing = 0;
		};
/* End PBXFrameworksBuildPhase section */

/* Begin PBXGroup section */
		3CE23E5237A5069CA1A2A89E /* Pods */ = {
			isa = PBXGroup;
			children = (
				C4630AE88541891B88A5F265 /* Pods-GCWCardList.debug.xcconfig */,
				C6D00E4070A7E8F1C7388929 /* Pods-GCWCardList.release.xcconfig */,
				DF0FEF769E0874E91A7DC89F /* Pods-GCWCardListTests.debug.xcconfig */,
				D1B60F01E514BABD6344FD14 /* Pods-GCWCardListTests.release.xcconfig */,
				EF39400836EB9E656C85A669 /* Pods-GCWCardListUITests.debug.xcconfig */,
				FCFC1495002B261B402ED906 /* Pods-GCWCardListUITests.release.xcconfig */,
			);
			name = Pods;
			sourceTree = "<group>";
		};
		68A84E990D9DD6A745D95D74 /* Frameworks */ = {
			isa = PBXGroup;
			children = (
				B4A1EFC1CF419FCFD507FC72 /* Pods.framework */,
				7FC5C0DAF5AE505CA31A1851 /* Pods_GCWCardList.framework */,
				28B880CD2045BED1FE9A3051 /* Pods_GCWCardListTests.framework */,
				1224951D9B8120C7BE1BF9A2 /* Pods_GCWCardListUITests.framework */,
			);
			name = Frameworks;
			sourceTree = "<group>";
		};
		8969176C1CD659A800084EA7 /* Card */ = {
			isa = PBXGroup;
			children = (
				8969176D1CD659DC00084EA7 /* CardListViewController.swift */,
				896917711CD65BE500084EA7 /* CardListViewController.storyboard */,
				896917781CD85D6E00084EA7 /* CardDetailViewController.swift */,
				8969177A1CD85D7B00084EA7 /* CardDetailViewController.storyboard */,
			);
			path = Card;
			sourceTree = "<group>";
		};
		896917751CD7A80E00084EA7 /* resouce */ = {
			isa = PBXGroup;
			children = (
				89E3011F1CD25BAB0052AB63 /* Assets.xcassets */,
				896917761CD7A8CD00084EA7 /* Icon.xcassets */,
			);
			name = resouce;
			path = resource;
			sourceTree = "<group>";
		};
		8969177C1CD8603C00084EA7 /* Cell */ = {
			isa = PBXGroup;
			children = (
				8969177D1CD8604B00084EA7 /* CardCollectionViewCell.swift */,
			);
			path = Cell;
			sourceTree = "<group>";
		};
		89986C0D1CDF89AA008C000F /* const */ = {
			isa = PBXGroup;
			children = (
				89986C0E1CDF89CE008C000F /* URLConst.swift */,
			);
			path = const;
			sourceTree = "<group>";
		};
		89A0FCDF1CD5F39B00BB573F /* realm */ = {
			isa = PBXGroup;
			children = (
				89A0FCE01CD5F3FB00BB573F /* Expantion.swift */,
				896917731CD6612B00084EA7 /* Card.swift */,
				89E19F231CEB6BCB00D70C9C /* Deck.swift */,
			);
			path = realm;
			sourceTree = "<group>";
		};
		89AAC9871CE4D3F600A046D0 /* TestPlay */ = {
			isa = PBXGroup;
			children = (
				89F5AD1E1CE768C00091E398 /* TestPlayViewController.swift */,
				89E19F181CE7871A00D70C9C /* TestPlayViewController.xib */,
			);
			path = TestPlay;
			sourceTree = "<group>";
		};
		89AAE8201CD5105300F7AD81 /* API */ = {
			isa = PBXGroup;
			children = (
				89AAE8211CD510E600F7AD81 /* APIManager.swift */,
			);
			path = API;
			sourceTree = "<group>";
		};
		89BA31431CE0D293005CACC0 /* Filter */ = {
			isa = PBXGroup;
			children = (
				89BA31441CE0D2EC005CACC0 /* FilterViewController.swift */,
				89BA31461CE0D2FC005CACC0 /* FilterViewController.storyboard */,
			);
			path = Filter;
			sourceTree = "<group>";
		};
		89BA31481CE229F2005CACC0 /* Common */ = {
			isa = PBXGroup;
			children = (
				89BA31491CE22A13005CACC0 /* GCWUtils.swift */,
			);
			path = Common;
			sourceTree = "<group>";
		};
		89E19F1A1CEB554600D70C9C /* View */ = {
			isa = PBXGroup;
			children = (
				89E19F1B1CEB559900D70C9C /* UnitFieldView.swift */,
				89E19F1D1CEB60E000D70C9C /* CardView.swift */,
				89E19F1F1CEB60EA00D70C9C /* CardView.xib */,
				89E19F211CEB62BF00D70C9C /* DeckView.swift */,
			);
			path = View;
			sourceTree = "<group>";
		};
		89E3010A1CD25BAB0052AB63 = {
			isa = PBXGroup;
			children = (
				89E301151CD25BAB0052AB63 /* GCWCardList */,
				89E3012C1CD25BAB0052AB63 /* GCWCardListTests */,
				89E301371CD25BAC0052AB63 /* GCWCardListUITests */,
				89E301141CD25BAB0052AB63 /* Products */,
				68A84E990D9DD6A745D95D74 /* Frameworks */,
				3CE23E5237A5069CA1A2A89E /* Pods */,
			);
			sourceTree = "<group>";
		};
		89E301141CD25BAB0052AB63 /* Products */ = {
			isa = PBXGroup;
			children = (
				89E301131CD25BAB0052AB63 /* GCWCardList.app */,
				89E301291CD25BAB0052AB63 /* GCWCardListTests.xctest */,
				89E301341CD25BAC0052AB63 /* GCWCardListUITests.xctest */,
			);
			name = Products;
			sourceTree = "<group>";
		};
		89E301151CD25BAB0052AB63 /* GCWCardList */ = {
			isa = PBXGroup;
			children = (
				89BA31481CE229F2005CACC0 /* Common */,
				89986C0D1CDF89AA008C000F /* const */,
				89E301161CD25BAB0052AB63 /* AppDelegate.swift */,
				89AAE8201CD5105300F7AD81 /* API */,
				8969177C1CD8603C00084EA7 /* Cell */,
				89E301471CD263010052AB63 /* Controller */,
				89E19F1A1CEB554600D70C9C /* View */,
				89A0FCDF1CD5F39B00BB573F /* realm */,
				896917751CD7A80E00084EA7 /* resouce */,
				89E301211CD25BAB0052AB63 /* LaunchScreen.storyboard */,
				89F9BFBE1CE4DA040054E45E /* Support Files */,
			);
			path = GCWCardList;
			sourceTree = "<group>";
		};
		89E3012C1CD25BAB0052AB63 /* GCWCardListTests */ = {
			isa = PBXGroup;
			children = (
				89E3012D1CD25BAB0052AB63 /* GCWCardListTests.swift */,
				89E3012F1CD25BAC0052AB63 /* Info.plist */,
			);
			path = GCWCardListTests;
			sourceTree = "<group>";
		};
		89E301371CD25BAC0052AB63 /* GCWCardListUITests */ = {
			isa = PBXGroup;
			children = (
				89E301381CD25BAC0052AB63 /* GCWCardListUITests.swift */,
				89E3013A1CD25BAC0052AB63 /* Info.plist */,
			);
			path = GCWCardListUITests;
			sourceTree = "<group>";
		};
		89E301461CD262F30052AB63 /* Deck */ = {
			isa = PBXGroup;
			children = (
				89E3011A1CD25BAB0052AB63 /* DeckMenuViewController.swift */,
				89E3014D1CD4E8B40052AB63 /* DeckMenuViewController.storyboard */,
				89E19F251CEB6F6600D70C9C /* DeckViewController.swift */,
				89E19F271CEB6F7200D70C9C /* DeckViewController.storyboard */,
			);
			path = Deck;
			sourceTree = "<group>";
		};
		89E301471CD263010052AB63 /* Controller */ = {
			isa = PBXGroup;
			children = (
				89E301491CD263DC0052AB63 /* MainTabController.swift */,
				89E3011C1CD25BAB0052AB63 /* Main.storyboard */,
				8969176C1CD659A800084EA7 /* Card */,
				89E301461CD262F30052AB63 /* Deck */,
				89E301481CD263480052AB63 /* Expantion */,
				89BA31431CE0D293005CACC0 /* Filter */,
				89AAC9871CE4D3F600A046D0 /* TestPlay */,
			);
			path = Controller;
			sourceTree = "<group>";
		};
		89E301481CD263480052AB63 /* Expantion */ = {
			isa = PBXGroup;
			children = (
				89E301181CD25BAB0052AB63 /* ExpantionMenuViewController.swift */,
				89E3014B1CD4E8770052AB63 /* ExpantionMenuViewController.storyboard */,
			);
			path = Expantion;
			sourceTree = "<group>";
		};
		89F9BFBE1CE4DA040054E45E /* Support Files */ = {
			isa = PBXGroup;
			children = (
				89E301241CD25BAB0052AB63 /* Info.plist */,
				89F9BFBF1CE4DAA90054E45E /* GCWCardList-Bridging-Header.h */,
			);
			path = "Support Files";
			sourceTree = "<group>";
		};
/* End PBXGroup section */

/* Begin PBXNativeTarget section */
		89E301121CD25BAB0052AB63 /* GCWCardList */ = {
			isa = PBXNativeTarget;
			buildConfigurationList = 89E3013D1CD25BAC0052AB63 /* Build configuration list for PBXNativeTarget "GCWCardList" */;
			buildPhases = (
				FD9CC241FC55F54CE236BF76 /* 📦 Check Pods Manifest.lock */,
				89E3010F1CD25BAB0052AB63 /* Sources */,
				89E301101CD25BAB0052AB63 /* Frameworks */,
				89E301111CD25BAB0052AB63 /* Resources */,
				89AAE8231CD5119200F7AD81 /* ShellScript */,
				7C1F38E32EB51FCA2AB5AB35 /* 📦 Embed Pods Frameworks */,
				A73586ADFC139F31FC60BFD8 /* 📦 Copy Pods Resources */,
				BC9549125C83F41B79236E9F /* Embed Pods Frameworks */,
			);
			buildRules = (
			);
			dependencies = (
			);
			name = GCWCardList;
			productName = GCWCardList;
			productReference = 89E301131CD25BAB0052AB63 /* GCWCardList.app */;
			productType = "com.apple.product-type.application";
		};
		89E301281CD25BAB0052AB63 /* GCWCardListTests */ = {
			isa = PBXNativeTarget;
			buildConfigurationList = 89E301401CD25BAC0052AB63 /* Build configuration list for PBXNativeTarget "GCWCardListTests" */;
			buildPhases = (
				2860FF5BEFEB75698715EBAD /* 📦 Check Pods Manifest.lock */,
				89E301251CD25BAB0052AB63 /* Sources */,
				89E301261CD25BAB0052AB63 /* Frameworks */,
				89E301271CD25BAB0052AB63 /* Resources */,
				6961496C732230DF1B1028CB /* 📦 Embed Pods Frameworks */,
				334E20BDFAC0397DB52E4F83 /* 📦 Copy Pods Resources */,
			);
			buildRules = (
			);
			dependencies = (
				89E3012B1CD25BAB0052AB63 /* PBXTargetDependency */,
			);
			name = GCWCardListTests;
			productName = GCWCardListTests;
			productReference = 89E301291CD25BAB0052AB63 /* GCWCardListTests.xctest */;
			productType = "com.apple.product-type.bundle.unit-test";
		};
		89E301331CD25BAC0052AB63 /* GCWCardListUITests */ = {
			isa = PBXNativeTarget;
			buildConfigurationList = 89E301431CD25BAC0052AB63 /* Build configuration list for PBXNativeTarget "GCWCardListUITests" */;
			buildPhases = (
				EFDA07B9607C0C8F7B441A3C /* 📦 Check Pods Manifest.lock */,
				89E301301CD25BAC0052AB63 /* Sources */,
				89E301311CD25BAC0052AB63 /* Frameworks */,
				89E301321CD25BAC0052AB63 /* Resources */,
				5D2BF6795B29CEC1BA434342 /* 📦 Copy Pods Resources */,
			);
			buildRules = (
			);
			dependencies = (
				89E301361CD25BAC0052AB63 /* PBXTargetDependency */,
			);
			name = GCWCardListUITests;
			productName = GCWCardListUITests;
			productReference = 89E301341CD25BAC0052AB63 /* GCWCardListUITests.xctest */;
			productType = "com.apple.product-type.bundle.ui-testing";
		};
/* End PBXNativeTarget section */

/* Begin PBXProject section */
		89E3010B1CD25BAB0052AB63 /* Project object */ = {
			isa = PBXProject;
			attributes = {
				LastSwiftUpdateCheck = 0730;
				LastUpgradeCheck = 0730;
				ORGANIZATIONNAME = Mineharu;
				TargetAttributes = {
					89E301121CD25BAB0052AB63 = {
						CreatedOnToolsVersion = 7.3;
						DevelopmentTeam = 7VFT3ME42N;
					};
					89E301281CD25BAB0052AB63 = {
						CreatedOnToolsVersion = 7.3;
						DevelopmentTeam = 7VFT3ME42N;
						TestTargetID = 89E301121CD25BAB0052AB63;
					};
					89E301331CD25BAC0052AB63 = {
						CreatedOnToolsVersion = 7.3;
						DevelopmentTeam = 7VFT3ME42N;
						TestTargetID = 89E301121CD25BAB0052AB63;
					};
				};
			};
			buildConfigurationList = 89E3010E1CD25BAB0052AB63 /* Build configuration list for PBXProject "GCWCardList" */;
			compatibilityVersion = "Xcode 3.2";
			developmentRegion = English;
			hasScannedForEncodings = 0;
			knownRegions = (
				en,
				Base,
			);
			mainGroup = 89E3010A1CD25BAB0052AB63;
			productRefGroup = 89E301141CD25BAB0052AB63 /* Products */;
			projectDirPath = "";
			projectRoot = "";
			targets = (
				89E301121CD25BAB0052AB63 /* GCWCardList */,
				89E301281CD25BAB0052AB63 /* GCWCardListTests */,
				89E301331CD25BAC0052AB63 /* GCWCardListUITests */,
			);
		};
/* End PBXProject section */

/* Begin PBXResourcesBuildPhase section */
		89E301111CD25BAB0052AB63 /* Resources */ = {
			isa = PBXResourcesBuildPhase;
			buildActionMask = 2147483647;
			files = (
				89E301231CD25BAB0052AB63 /* LaunchScreen.storyboard in Resources */,
				896917721CD65BE500084EA7 /* CardListViewController.storyboard in Resources */,
				89E301201CD25BAB0052AB63 /* Assets.xcassets in Resources */,
				89E19F191CE7871A00D70C9C /* TestPlayViewController.xib in Resources */,
				89E3014E1CD4E8B40052AB63 /* DeckMenuViewController.storyboard in Resources */,
				89E3011E1CD25BAB0052AB63 /* Main.storyboard in Resources */,
				89E19F281CEB6F7200D70C9C /* DeckViewController.storyboard in Resources */,
				89E3014C1CD4E8770052AB63 /* ExpantionMenuViewController.storyboard in Resources */,
				89E19F201CEB60EA00D70C9C /* CardView.xib in Resources */,
				8969177B1CD85D7B00084EA7 /* CardDetailViewController.storyboard in Resources */,
				89BA31471CE0D2FC005CACC0 /* FilterViewController.storyboard in Resources */,
				896917771CD7A8CD00084EA7 /* Icon.xcassets in Resources */,
			);
			runOnlyForDeploymentPostprocessing = 0;
		};
		89E301271CD25BAB0052AB63 /* Resources */ = {
			isa = PBXResourcesBuildPhase;
			buildActionMask = 2147483647;
			files = (
			);
			runOnlyForDeploymentPostprocessing = 0;
		};
		89E301321CD25BAC0052AB63 /* Resources */ = {
			isa = PBXResourcesBuildPhase;
			buildActionMask = 2147483647;
			files = (
			);
			runOnlyForDeploymentPostprocessing = 0;
		};
/* End PBXResourcesBuildPhase section */

/* Begin PBXShellScriptBuildPhase section */
		2860FF5BEFEB75698715EBAD /* 📦 Check Pods Manifest.lock */ = {
			isa = PBXShellScriptBuildPhase;
			buildActionMask = 2147483647;
			files = (
			);
			inputPaths = (
			);
			name = "📦 Check Pods Manifest.lock";
			outputPaths = (
			);
			runOnlyForDeploymentPostprocessing = 0;
			shellPath = /bin/sh;
			shellScript = "diff \"${PODS_ROOT}/../Podfile.lock\" \"${PODS_ROOT}/Manifest.lock\" > /dev/null\nif [[ $? != 0 ]] ; then\n    cat << EOM\nerror: The sandbox is not in sync with the Podfile.lock. Run 'pod install' or update your CocoaPods installation.\nEOM\n    exit 1\nfi\n";
			showEnvVarsInLog = 0;
		};
		334E20BDFAC0397DB52E4F83 /* 📦 Copy Pods Resources */ = {
			isa = PBXShellScriptBuildPhase;
			buildActionMask = 2147483647;
			files = (
			);
			inputPaths = (
			);
			name = "📦 Copy Pods Resources";
			outputPaths = (
			);
			runOnlyForDeploymentPostprocessing = 0;
			shellPath = /bin/sh;
			shellScript = "\"${SRCROOT}/Pods/Target Support Files/Pods-GCWCardListTests/Pods-GCWCardListTests-resources.sh\"\n";
			showEnvVarsInLog = 0;
		};
		5D2BF6795B29CEC1BA434342 /* 📦 Copy Pods Resources */ = {
			isa = PBXShellScriptBuildPhase;
			buildActionMask = 2147483647;
			files = (
			);
			inputPaths = (
			);
			name = "📦 Copy Pods Resources";
			outputPaths = (
			);
			runOnlyForDeploymentPostprocessing = 0;
			shellPath = /bin/sh;
			shellScript = "\"${SRCROOT}/Pods/Target Support Files/Pods-GCWCardListUITests/Pods-GCWCardListUITests-resources.sh\"\n";
			showEnvVarsInLog = 0;
		};
		6961496C732230DF1B1028CB /* 📦 Embed Pods Frameworks */ = {
			isa = PBXShellScriptBuildPhase;
			buildActionMask = 2147483647;
			files = (
			);
			inputPaths = (
			);
			name = "📦 Embed Pods Frameworks";
			outputPaths = (
			);
			runOnlyForDeploymentPostprocessing = 0;
			shellPath = /bin/sh;
			shellScript = "\"${SRCROOT}/Pods/Target Support Files/Pods-GCWCardListTests/Pods-GCWCardListTests-frameworks.sh\"\n";
			showEnvVarsInLog = 0;
		};
		7C1F38E32EB51FCA2AB5AB35 /* 📦 Embed Pods Frameworks */ = {
			isa = PBXShellScriptBuildPhase;
			buildActionMask = 2147483647;
			files = (
			);
			inputPaths = (
			);
			name = "📦 Embed Pods Frameworks";
			outputPaths = (
			);
			runOnlyForDeploymentPostprocessing = 0;
			shellPath = /bin/sh;
			shellScript = "\"${SRCROOT}/Pods/Target Support Files/Pods-GCWCardList/Pods-GCWCardList-frameworks.sh\"\n";
			showEnvVarsInLog = 0;
		};
		89AAE8231CD5119200F7AD81 /* ShellScript */ = {
			isa = PBXShellScriptBuildPhase;
			buildActionMask = 2147483647;
			files = (
			);
			inputPaths = (
			);
			outputPaths = (
			);
			runOnlyForDeploymentPostprocessing = 0;
			shellPath = /bin/sh;
			shellScript = "";
		};
		A73586ADFC139F31FC60BFD8 /* 📦 Copy Pods Resources */ = {
			isa = PBXShellScriptBuildPhase;
			buildActionMask = 2147483647;
			files = (
			);
			inputPaths = (
			);
			name = "📦 Copy Pods Resources";
			outputPaths = (
			);
			runOnlyForDeploymentPostprocessing = 0;
			shellPath = /bin/sh;
			shellScript = "\"${SRCROOT}/Pods/Target Support Files/Pods-GCWCardList/Pods-GCWCardList-resources.sh\"\n";
			showEnvVarsInLog = 0;
		};
		BC9549125C83F41B79236E9F /* Embed Pods Frameworks */ = {
			isa = PBXShellScriptBuildPhase;
			buildActionMask = 2147483647;
			files = (
			);
			inputPaths = (
			);
			name = "Embed Pods Frameworks";
			outputPaths = (
			);
			runOnlyForDeploymentPostprocessing = 0;
			shellPath = /bin/sh;
			shellScript = "\"${SRCROOT}/Pods/Target Support Files/Pods-GCWCardList/Pods-GCWCardList-frameworks.sh\"\n";
			showEnvVarsInLog = 0;
		};
		EFDA07B9607C0C8F7B441A3C /* 📦 Check Pods Manifest.lock */ = {
			isa = PBXShellScriptBuildPhase;
			buildActionMask = 2147483647;
			files = (
			);
			inputPaths = (
			);
			name = "📦 Check Pods Manifest.lock";
			outputPaths = (
			);
			runOnlyForDeploymentPostprocessing = 0;
			shellPath = /bin/sh;
			shellScript = "diff \"${PODS_ROOT}/../Podfile.lock\" \"${PODS_ROOT}/Manifest.lock\" > /dev/null\nif [[ $? != 0 ]] ; then\n    cat << EOM\nerror: The sandbox is not in sync with the Podfile.lock. Run 'pod install' or update your CocoaPods installation.\nEOM\n    exit 1\nfi\n";
			showEnvVarsInLog = 0;
		};
		FD9CC241FC55F54CE236BF76 /* 📦 Check Pods Manifest.lock */ = {
			isa = PBXShellScriptBuildPhase;
			buildActionMask = 2147483647;
			files = (
			);
			inputPaths = (
			);
			name = "📦 Check Pods Manifest.lock";
			outputPaths = (
			);
			runOnlyForDeploymentPostprocessing = 0;
			shellPath = /bin/sh;
			shellScript = "diff \"${PODS_ROOT}/../Podfile.lock\" \"${PODS_ROOT}/Manifest.lock\" > /dev/null\nif [[ $? != 0 ]] ; then\n    cat << EOM\nerror: The sandbox is not in sync with the Podfile.lock. Run 'pod install' or update your CocoaPods installation.\nEOM\n    exit 1\nfi\n";
			showEnvVarsInLog = 0;
		};
/* End PBXShellScriptBuildPhase section */

/* Begin PBXSourcesBuildPhase section */
		89E3010F1CD25BAB0052AB63 /* Sources */ = {
			isa = PBXSourcesBuildPhase;
			buildActionMask = 2147483647;
			files = (
				89E19F241CEB6BCB00D70C9C /* Deck.swift in Sources */,
				89E3011B1CD25BAB0052AB63 /* DeckMenuViewController.swift in Sources */,
				89E301171CD25BAB0052AB63 /* AppDelegate.swift in Sources */,
				89986C0F1CDF89CE008C000F /* URLConst.swift in Sources */,
				89A0FCE11CD5F3FB00BB573F /* Expantion.swift in Sources */,
				89BA314A1CE22A13005CACC0 /* GCWUtils.swift in Sources */,
				89AAE8221CD510E600F7AD81 /* APIManager.swift in Sources */,
				896917791CD85D6E00084EA7 /* CardDetailViewController.swift in Sources */,
				89BA31451CE0D2EC005CACC0 /* FilterViewController.swift in Sources */,
				89E19F261CEB6F6600D70C9C /* DeckViewController.swift in Sources */,
				89E3014A1CD263DC0052AB63 /* MainTabController.swift in Sources */,
				89E19F1C1CEB559900D70C9C /* UnitFieldView.swift in Sources */,
				89E301191CD25BAB0052AB63 /* ExpantionMenuViewController.swift in Sources */,
				8969176E1CD659DC00084EA7 /* CardListViewController.swift in Sources */,
				8969177E1CD8604B00084EA7 /* CardCollectionViewCell.swift in Sources */,
				89F5AD1F1CE768C00091E398 /* TestPlayViewController.swift in Sources */,
				89E19F1E1CEB60E000D70C9C /* CardView.swift in Sources */,
				89E19F221CEB62BF00D70C9C /* DeckView.swift in Sources */,
				896917741CD6612B00084EA7 /* Card.swift in Sources */,
			);
			runOnlyForDeploymentPostprocessing = 0;
		};
		89E301251CD25BAB0052AB63 /* Sources */ = {
			isa = PBXSourcesBuildPhase;
			buildActionMask = 2147483647;
			files = (
				89E3012E1CD25BAB0052AB63 /* GCWCardListTests.swift in Sources */,
			);
			runOnlyForDeploymentPostprocessing = 0;
		};
		89E301301CD25BAC0052AB63 /* Sources */ = {
			isa = PBXSourcesBuildPhase;
			buildActionMask = 2147483647;
			files = (
				89E301391CD25BAC0052AB63 /* GCWCardListUITests.swift in Sources */,
			);
			runOnlyForDeploymentPostprocessing = 0;
		};
/* End PBXSourcesBuildPhase section */

/* Begin PBXTargetDependency section */
		89E3012B1CD25BAB0052AB63 /* PBXTargetDependency */ = {
			isa = PBXTargetDependency;
			target = 89E301121CD25BAB0052AB63 /* GCWCardList */;
			targetProxy = 89E3012A1CD25BAB0052AB63 /* PBXContainerItemProxy */;
		};
		89E301361CD25BAC0052AB63 /* PBXTargetDependency */ = {
			isa = PBXTargetDependency;
			target = 89E301121CD25BAB0052AB63 /* GCWCardList */;
			targetProxy = 89E301351CD25BAC0052AB63 /* PBXContainerItemProxy */;
		};
/* End PBXTargetDependency section */

/* Begin PBXVariantGroup section */
		89E3011C1CD25BAB0052AB63 /* Main.storyboard */ = {
			isa = PBXVariantGroup;
			children = (
				89E3011D1CD25BAB0052AB63 /* Base */,
			);
			name = Main.storyboard;
			path = ..;
			sourceTree = "<group>";
		};
		89E301211CD25BAB0052AB63 /* LaunchScreen.storyboard */ = {
			isa = PBXVariantGroup;
			children = (
				89E301221CD25BAB0052AB63 /* Base */,
			);
			name = LaunchScreen.storyboard;
			sourceTree = "<group>";
		};
/* End PBXVariantGroup section */

/* Begin XCBuildConfiguration section */
		89E3013B1CD25BAC0052AB63 /* Debug */ = {
			isa = XCBuildConfiguration;
			buildSettings = {
				ALWAYS_SEARCH_USER_PATHS = NO;
				CLANG_ANALYZER_NONNULL = YES;
				CLANG_CXX_LANGUAGE_STANDARD = "gnu++0x";
				CLANG_CXX_LIBRARY = "libc++";
				CLANG_ENABLE_MODULES = YES;
				CLANG_ENABLE_OBJC_ARC = YES;
				CLANG_WARN_BOOL_CONVERSION = YES;
				CLANG_WARN_CONSTANT_CONVERSION = YES;
				CLANG_WARN_DIRECT_OBJC_ISA_USAGE = YES_ERROR;
				CLANG_WARN_EMPTY_BODY = YES;
				CLANG_WARN_ENUM_CONVERSION = YES;
				CLANG_WARN_INT_CONVERSION = YES;
				CLANG_WARN_OBJC_ROOT_CLASS = YES_ERROR;
				CLANG_WARN_UNREACHABLE_CODE = YES;
				CLANG_WARN__DUPLICATE_METHOD_MATCH = YES;
				"CODE_SIGN_IDENTITY[sdk=iphoneos*]" = "iPhone Developer";
				COPY_PHASE_STRIP = NO;
				DEBUG_INFORMATION_FORMAT = dwarf;
				ENABLE_STRICT_OBJC_MSGSEND = YES;
				ENABLE_TESTABILITY = YES;
				GCC_C_LANGUAGE_STANDARD = gnu99;
				GCC_DYNAMIC_NO_PIC = NO;
				GCC_NO_COMMON_BLOCKS = YES;
				GCC_OPTIMIZATION_LEVEL = 0;
				GCC_PREPROCESSOR_DEFINITIONS = (
					"DEBUG=1",
					"$(inherited)",
				);
				GCC_WARN_64_TO_32_BIT_CONVERSION = YES;
				GCC_WARN_ABOUT_RETURN_TYPE = YES_ERROR;
				GCC_WARN_UNDECLARED_SELECTOR = YES;
				GCC_WARN_UNINITIALIZED_AUTOS = YES_AGGRESSIVE;
				GCC_WARN_UNUSED_FUNCTION = YES;
				GCC_WARN_UNUSED_VARIABLE = YES;
				IPHONEOS_DEPLOYMENT_TARGET = 9.3;
				MTL_ENABLE_DEBUG_INFO = YES;
				ONLY_ACTIVE_ARCH = YES;
				SDKROOT = iphoneos;
				SWIFT_OPTIMIZATION_LEVEL = "-Onone";
				TARGETED_DEVICE_FAMILY = "1,2";
			};
			name = Debug;
		};
		89E3013C1CD25BAC0052AB63 /* Release */ = {
			isa = XCBuildConfiguration;
			buildSettings = {
				ALWAYS_SEARCH_USER_PATHS = NO;
				CLANG_ANALYZER_NONNULL = YES;
				CLANG_CXX_LANGUAGE_STANDARD = "gnu++0x";
				CLANG_CXX_LIBRARY = "libc++";
				CLANG_ENABLE_MODULES = YES;
				CLANG_ENABLE_OBJC_ARC = YES;
				CLANG_WARN_BOOL_CONVERSION = YES;
				CLANG_WARN_CONSTANT_CONVERSION = YES;
				CLANG_WARN_DIRECT_OBJC_ISA_USAGE = YES_ERROR;
				CLANG_WARN_EMPTY_BODY = YES;
				CLANG_WARN_ENUM_CONVERSION = YES;
				CLANG_WARN_INT_CONVERSION = YES;
				CLANG_WARN_OBJC_ROOT_CLASS = YES_ERROR;
				CLANG_WARN_UNREACHABLE_CODE = YES;
				CLANG_WARN__DUPLICATE_METHOD_MATCH = YES;
				"CODE_SIGN_IDENTITY[sdk=iphoneos*]" = "iPhone Developer";
				COPY_PHASE_STRIP = NO;
				DEBUG_INFORMATION_FORMAT = "dwarf-with-dsym";
				ENABLE_NS_ASSERTIONS = NO;
				ENABLE_STRICT_OBJC_MSGSEND = YES;
				GCC_C_LANGUAGE_STANDARD = gnu99;
				GCC_NO_COMMON_BLOCKS = YES;
				GCC_WARN_64_TO_32_BIT_CONVERSION = YES;
				GCC_WARN_ABOUT_RETURN_TYPE = YES_ERROR;
				GCC_WARN_UNDECLARED_SELECTOR = YES;
				GCC_WARN_UNINITIALIZED_AUTOS = YES_AGGRESSIVE;
				GCC_WARN_UNUSED_FUNCTION = YES;
				GCC_WARN_UNUSED_VARIABLE = YES;
				IPHONEOS_DEPLOYMENT_TARGET = 9.3;
				MTL_ENABLE_DEBUG_INFO = NO;
				SDKROOT = iphoneos;
				TARGETED_DEVICE_FAMILY = "1,2";
				VALIDATE_PRODUCT = YES;
			};
			name = Release;
		};
		89E3013E1CD25BAC0052AB63 /* Debug */ = {
			isa = XCBuildConfiguration;
			baseConfigurationReference = C4630AE88541891B88A5F265 /* Pods-GCWCardList.debug.xcconfig */;
			buildSettings = {
				ASSETCATALOG_COMPILER_APPICON_NAME = AppIcon;
				CLANG_ENABLE_MODULES = YES;
				CODE_SIGN_IDENTITY = "iPhone Developer";
				INFOPLIST_FILE = "$(SRCROOT)/GCWCardList/Support Files/Info.plist";
				IPHONEOS_DEPLOYMENT_TARGET = 8.0;
				LD_RUNPATH_SEARCH_PATHS = "$(inherited) @executable_path/Frameworks";
				PRODUCT_BUNDLE_IDENTIFIER = jp.mine.GCWCardList;
				PRODUCT_NAME = "$(TARGET_NAME)";
				SWIFT_OBJC_BRIDGING_HEADER = "GCWCardList/Support Files/GCWCardList-Bridging-Header.h";
				SWIFT_OPTIMIZATION_LEVEL = "-Onone";
			};
			name = Debug;
		};
		89E3013F1CD25BAC0052AB63 /* Release */ = {
			isa = XCBuildConfiguration;
			baseConfigurationReference = C6D00E4070A7E8F1C7388929 /* Pods-GCWCardList.release.xcconfig */;
			buildSettings = {
				ASSETCATALOG_COMPILER_APPICON_NAME = AppIcon;
				CLANG_ENABLE_MODULES = YES;
				CODE_SIGN_IDENTITY = "iPhone Developer";
				INFOPLIST_FILE = "$(SRCROOT)/GCWCardList/Support Files/Info.plist";
				IPHONEOS_DEPLOYMENT_TARGET = 8.0;
				LD_RUNPATH_SEARCH_PATHS = "$(inherited) @executable_path/Frameworks";
				PRODUCT_BUNDLE_IDENTIFIER = jp.mine.GCWCardList;
				PRODUCT_NAME = "$(TARGET_NAME)";
				SWIFT_OBJC_BRIDGING_HEADER = "GCWCardList/Support Files/GCWCardList-Bridging-Header.h";
			};
			name = Release;
		};
		89E301411CD25BAC0052AB63 /* Debug */ = {
			isa = XCBuildConfiguration;
			baseConfigurationReference = DF0FEF769E0874E91A7DC89F /* Pods-GCWCardListTests.debug.xcconfig */;
			buildSettings = {
				BUNDLE_LOADER = "$(TEST_HOST)";
				INFOPLIST_FILE = GCWCardListTests/Info.plist;
				LD_RUNPATH_SEARCH_PATHS = "$(inherited) @executable_path/Frameworks @loader_path/Frameworks";
				PRODUCT_BUNDLE_IDENTIFIER = jp.mine.GCWCardListTests;
				PRODUCT_NAME = "$(TARGET_NAME)";
				TEST_HOST = "$(BUILT_PRODUCTS_DIR)/GCWCardList.app/GCWCardList";
			};
			name = Debug;
		};
		89E301421CD25BAC0052AB63 /* Release */ = {
			isa = XCBuildConfiguration;
			baseConfigurationReference = D1B60F01E514BABD6344FD14 /* Pods-GCWCardListTests.release.xcconfig */;
			buildSettings = {
				BUNDLE_LOADER = "$(TEST_HOST)";
				INFOPLIST_FILE = GCWCardListTests/Info.plist;
				LD_RUNPATH_SEARCH_PATHS = "$(inherited) @executable_path/Frameworks @loader_path/Frameworks";
				PRODUCT_BUNDLE_IDENTIFIER = jp.mine.GCWCardListTests;
				PRODUCT_NAME = "$(TARGET_NAME)";
				TEST_HOST = "$(BUILT_PRODUCTS_DIR)/GCWCardList.app/GCWCardList";
			};
			name = Release;
		};
		89E301441CD25BAC0052AB63 /* Debug */ = {
			isa = XCBuildConfiguration;
			baseConfigurationReference = EF39400836EB9E656C85A669 /* Pods-GCWCardListUITests.debug.xcconfig */;
			buildSettings = {
				INFOPLIST_FILE = GCWCardListUITests/Info.plist;
				LD_RUNPATH_SEARCH_PATHS = "$(inherited) @executable_path/Frameworks @loader_path/Frameworks";
				PRODUCT_BUNDLE_IDENTIFIER = jp.mine.GCWCardListUITests;
				PRODUCT_NAME = "$(TARGET_NAME)";
				TEST_TARGET_NAME = GCWCardList;
			};
			name = Debug;
		};
		89E301451CD25BAC0052AB63 /* Release */ = {
			isa = XCBuildConfiguration;
			baseConfigurationReference = FCFC1495002B261B402ED906 /* Pods-GCWCardListUITests.release.xcconfig */;
			buildSettings = {
				INFOPLIST_FILE = GCWCardListUITests/Info.plist;
				LD_RUNPATH_SEARCH_PATHS = "$(inherited) @executable_path/Frameworks @loader_path/Frameworks";
				PRODUCT_BUNDLE_IDENTIFIER = jp.mine.GCWCardListUITests;
				PRODUCT_NAME = "$(TARGET_NAME)";
				TEST_TARGET_NAME = GCWCardList;
			};
			name = Release;
		};
/* End XCBuildConfiguration section */

/* Begin XCConfigurationList section */
		89E3010E1CD25BAB0052AB63 /* Build configuration list for PBXProject "GCWCardList" */ = {
			isa = XCConfigurationList;
			buildConfigurations = (
				89E3013B1CD25BAC0052AB63 /* Debug */,
				89E3013C1CD25BAC0052AB63 /* Release */,
			);
			defaultConfigurationIsVisible = 0;
			defaultConfigurationName = Release;
		};
		89E3013D1CD25BAC0052AB63 /* Build configuration list for PBXNativeTarget "GCWCardList" */ = {
			isa = XCConfigurationList;
			buildConfigurations = (
				89E3013E1CD25BAC0052AB63 /* Debug */,
				89E3013F1CD25BAC0052AB63 /* Release */,
			);
			defaultConfigurationIsVisible = 0;
			defaultConfigurationName = Release;
		};
		89E301401CD25BAC0052AB63 /* Build configuration list for PBXNativeTarget "GCWCardListTests" */ = {
			isa = XCConfigurationList;
			buildConfigurations = (
				89E301411CD25BAC0052AB63 /* Debug */,
				89E301421CD25BAC0052AB63 /* Release */,
			);
			defaultConfigurationIsVisible = 0;
			defaultConfigurationName = Release;
		};
		89E301431CD25BAC0052AB63 /* Build configuration list for PBXNativeTarget "GCWCardListUITests" */ = {
			isa = XCConfigurationList;
			buildConfigurations = (
				89E301441CD25BAC0052AB63 /* Debug */,
				89E301451CD25BAC0052AB63 /* Release */,
			);
			defaultConfigurationIsVisible = 0;
			defaultConfigurationName = Release;
		};
/* End XCConfigurationList section */
	};
	rootObject = 89E3010B1CD25BAB0052AB63 /* Project object */;
}
